# This file is automatically @generated by Cargo.
# It is not intended for manual editing.
[[package]]
name = "base-x"
version = "0.2.6"
source = "registry+https://github.com/rust-lang/crates.io-index"
checksum = "1b20b618342cf9891c292c4f5ac2cde7287cc5c87e87e9c769d617793607dec1"

[[package]]
name = "binary_timehash"
version = "0.1.0"
dependencies = [
 "multibase",
]

[[package]]
name = "data-encoding"
version = "2.3.0"
source = "registry+https://github.com/rust-lang/crates.io-index"
checksum = "d4d0e2d24e5ee3b23a01de38eefdcd978907890701f08ffffd4cb457ca4ee8d6"

[[package]]
name = "data-encoding-macro"
version = "0.1.8"
source = "registry+https://github.com/rust-lang/crates.io-index"
checksum = "de6489dde5128f5ab2f71f88f8807a237cecf08d96dc7ca4be64e0730dc7d961"
dependencies = [
 "data-encoding",
 "data-encoding-macro-internal",
 "proc-macro-hack",
]

[[package]]
name = "data-encoding-macro-internal"
version = "0.1.8"
source = "registry+https://github.com/rust-lang/crates.io-index"
checksum = "8d2d6daefd5f1d4b74a891a5d2ab7dccba028d423107c074232a0c5dc0d40a9e"
dependencies = [
 "data-encoding",
 "proc-macro-hack",
 "syn",
]

[[package]]
name = "multibase"
version = "0.8.0"
source = "registry+https://github.com/rust-lang/crates.io-index"
checksum = "b78c60039650ff12e140ae867ef5299a58e19dded4d334c849dc7177083667e2"
dependencies = [
 "base-x",
 "data-encoding",
 "data-encoding-macro",
]

[[package]]
name = "proc-macro-hack"
version = "0.5.18"
source = "registry+https://github.com/rust-lang/crates.io-index"
checksum = "99c605b9a0adc77b7211c6b1f722dcb613d68d66859a44f3d485a6da332b0598"

[[package]]
name = "proc-macro2"
version = "1.0.20"
source = "registry+https://github.com/rust-lang/crates.io-index"
checksum = "175c513d55719db99da20232b06cda8bab6b83ec2d04e3283edf0213c37c1a29"
dependencies = [
 "unicode-xid",
]

[[package]]
name = "quote"
version = "1.0.7"
source = "registry+https://github.com/rust-lang/crates.io-index"
checksum = "aa563d17ecb180e500da1cfd2b028310ac758de548efdd203e18f283af693f37"
dependencies = [
 "proc-macro2",
]

[[package]]
name = "syn"
version = "1.0.39"
source = "registry+https://github.com/rust-lang/crates.io-index"
checksum = "891d8d6567fe7c7f8835a3a98af4208f3846fba258c1bc3c31d6e506239f11f9"
dependencies = [
 "proc-macro2",
 "quote",
 "unicode-xid",
]

[[package]]
name = "unicode-xid"
version = "0.2.1"
source = "registry+https://github.com/rust-lang/crates.io-index"
checksum = "f7fe0bb3479651439c9112f72b6c505038574c9fbb575ed1bf3b797fa39dd564"
